// !$*UTF8*$!
{
	archiveVersion = 1;
	classes = {
	};
	objectVersion = 56;
	objects = {

/* Begin PBXBuildFile section */
		A2B4B18B2BD187EC00DB0913 /* Notes App Watch App.app in Embed Watch Content */ = {isa = PBXBuildFile; fileRef = A2B4B18A2BD187EC00DB0913 /* Notes App Watch App.app */; settings = {ATTRIBUTES = (RemoveHeadersOnCopy, ); }; };
		A2B4B1902BD187EC00DB0913 /* Notes_AppApp.swift in Sources */ = {isa = PBXBuildFile; fileRef = A2B4B18F2BD187EC00DB0913 /* Notes_AppApp.swift */; };
		A2B4B1922BD187EC00DB0913 /* ContentView.swift in Sources */ = {isa = PBXBuildFile; fileRef = A2B4B1912BD187EC00DB0913 /* ContentView.swift */; };
		A2B4B1942BD187EF00DB0913 /* Assets.xcassets in Resources */ = {isa = PBXBuildFile; fileRef = A2B4B1932BD187EF00DB0913 /* Assets.xcassets */; };
		A2B4B1972BD187EF00DB0913 /* Preview Assets.xcassets in Resources */ = {isa = PBXBuildFile; fileRef = A2B4B1962BD187EF00DB0913 /* Preview Assets.xcassets */; };
		A2B4B1A22BD18CE200DB0913 /* Note.swift in Sources */ = {isa = PBXBuildFile; fileRef = A2B4B1A12BD18CE200DB0913 /* Note.swift */; };
		A2B4B1A42BD2773D00DB0913 /* DetailView.swift in Sources */ = {isa = PBXBuildFile; fileRef = A2B4B1A32BD2773D00DB0913 /* DetailView.swift */; };
		A2B4B1A62BD2993800DB0913 /* test.swift in Sources */ = {isa = PBXBuildFile; fileRef = A2B4B1A52BD2993800DB0913 /* test.swift */; };
		A2B4B1AC2BD3C73C00DB0913 /* CreditView.swift in Sources */ = {isa = PBXBuildFile; fileRef = A2B4B1AB2BD3C73C00DB0913 /* CreditView.swift */; };
		A2B4B1AE2BD3C78500DB0913 /* HeaderView.swift in Sources */ = {isa = PBXBuildFile; fileRef = A2B4B1AD2BD3C78500DB0913 /* HeaderView.swift */; };
/* End PBXBuildFile section */

/* Begin PBXContainerItemProxy section */
		A2B4B18C2BD187EC00DB0913 /* PBXContainerItemProxy */ = {
			isa = PBXContainerItemProxy;
			containerPortal = A2B4B17E2BD187EC00DB0913 /* Project object */;
			proxyType = 1;
			remoteGlobalIDString = A2B4B1892BD187EC00DB0913;
			remoteInfo = "Notes App Watch App";
		};
/* End PBXContainerItemProxy section */

/* Begin PBXCopyFilesBuildPhase section */
		A2B4B19D2BD187EF00DB0913 /* Embed Watch Content */ = {
			isa = PBXCopyFilesBuildPhase;
			buildActionMask = 2147483647;
			dstPath = "$(CONTENTS_FOLDER_PATH)/Watch";
			dstSubfolderSpec = 16;
			files = (
				A2B4B18B2BD187EC00DB0913 /* Notes App Watch App.app in Embed Watch Content */,
			);
			name = "Embed Watch Content";
			runOnlyForDeploymentPostprocessing = 0;
		};
/* End PBXCopyFilesBuildPhase section */

/* Begin PBXFileReference section */
		A226FB292BE5E4F8005416D5 /* Notes-App-Watch-App-Info.plist */ = {isa = PBXFileReference; lastKnownFileType = text.plist; path = "Notes-App-Watch-App-Info.plist"; sourceTree = SOURCE_ROOT; };
		A2B4B1842BD187EC00DB0913 /* Notes App.app */ = {isa = PBXFileReference; explicitFileType = wrapper.application; includeInIndex = 0; path = "Notes App.app"; sourceTree = BUILT_PRODUCTS_DIR; };
		A2B4B18A2BD187EC00DB0913 /* Notes App Watch App.app */ = {isa = PBXFileReference; explicitFileType = wrapper.application; includeInIndex = 0; path = "Notes App Watch App.app"; sourceTree = BUILT_PRODUCTS_DIR; };
		A2B4B18F2BD187EC00DB0913 /* Notes_AppApp.swift */ = {isa = PBXFileReference; lastKnownFileType = sourcecode.swift; path = Notes_AppApp.swift; sourceTree = "<group>"; };
		A2B4B1912BD187EC00DB0913 /* ContentView.swift */ = {isa = PBXFileReference; lastKnownFileType = sourcecode.swift; path = ContentView.swift; sourceTree = "<group>"; };
		A2B4B1932BD187EF00DB0913 /* Assets.xcassets */ = {isa = PBXFileReference; lastKnownFileType = folder.assetcatalog; path = Assets.xcassets; sourceTree = "<group>"; };
		A2B4B1962BD187EF00DB0913 /* Preview Assets.xcassets */ = {isa = PBXFileReference; lastKnownFileType = folder.assetcatalog; path = "Preview Assets.xcassets"; sourceTree = "<group>"; };
		A2B4B1A12BD18CE200DB0913 /* Note.swift */ = {isa = PBXFileReference; lastKnownFileType = sourcecode.swift; name = Note.swift; path = Models/Note.swift; sourceTree = "<group>"; };
		A2B4B1A32BD2773D00DB0913 /* DetailView.swift */ = {isa = PBXFileReference; lastKnownFileType = sourcecode.swift; path = DetailView.swift; sourceTree = "<group>"; };
		A2B4B1A52BD2993800DB0913 /* test.swift */ = {isa = PBXFileReference; lastKnownFileType = sourcecode.swift; path = test.swift; sourceTree = "<group>"; };
		A2B4B1AB2BD3C73C00DB0913 /* CreditView.swift */ = {isa = PBXFileReference; lastKnownFileType = sourcecode.swift; path = CreditView.swift; sourceTree = "<group>"; };
		A2B4B1AD2BD3C78500DB0913 /* HeaderView.swift */ = {isa = PBXFileReference; lastKnownFileType = sourcecode.swift; path = HeaderView.swift; sourceTree = "<group>"; };
/* End PBXFileReference section */

/* Begin PBXFrameworksBuildPhase section */
		A2B4B1872BD187EC00DB0913 /* Frameworks */ = {
			isa = PBXFrameworksBuildPhase;
			buildActionMask = 2147483647;
			files = (
			);
			runOnlyForDeploymentPostprocessing = 0;
		};
/* End PBXFrameworksBuildPhase section */

/* Begin PBXGroup section */
		A2B4B17D2BD187EC00DB0913 = {
			isa = PBXGroup;
			children = (
				A2B4B18E2BD187EC00DB0913 /* Notes App Watch App */,
				A2B4B1852BD187EC00DB0913 /* Products */,
			);
			sourceTree = "<group>";
		};
		A2B4B1852BD187EC00DB0913 /* Products */ = {
			isa = PBXGroup;
			children = (
				A2B4B1842BD187EC00DB0913 /* Notes App.app */,
				A2B4B18A2BD187EC00DB0913 /* Notes App Watch App.app */,
			);
			name = Products;
			sourceTree = "<group>";
		};
		A2B4B18E2BD187EC00DB0913 /* Notes App Watch App */ = {
			isa = PBXGroup;
			children = (
				A226FB292BE5E4F8005416D5 /* Notes-App-Watch-App-Info.plist */,
				A2B4B18F2BD187EC00DB0913 /* Notes_AppApp.swift */,
				A2B4B1912BD187EC00DB0913 /* ContentView.swift */,
				A2B4B1A32BD2773D00DB0913 /* DetailView.swift */,
				A2B4B1A12BD18CE200DB0913 /* Note.swift */,
				A2B4B1A52BD2993800DB0913 /* test.swift */,
				A2B4B1AB2BD3C73C00DB0913 /* CreditView.swift */,
				A2B4B1AD2BD3C78500DB0913 /* HeaderView.swift */,
				A2B4B1932BD187EF00DB0913 /* Assets.xcassets */,
				A2B4B1952BD187EF00DB0913 /* Preview Content */,
			);
			path = "Notes App Watch App";
			sourceTree = "<group>";
		};
		A2B4B1952BD187EF00DB0913 /* Preview Content */ = {
			isa = PBXGroup;
			children = (
				A2B4B1962BD187EF00DB0913 /* Preview Assets.xcassets */,
			);
			path = "Preview Content";
			sourceTree = "<group>";
		};
/* End PBXGroup section */

/* Begin PBXNativeTarget section */
		A2B4B1832BD187EC00DB0913 /* Notes App */ = {
			isa = PBXNativeTarget;
			buildConfigurationList = A2B4B19E2BD187EF00DB0913 /* Build configuration list for PBXNativeTarget "Notes App" */;
			buildPhases = (
				A2B4B1822BD187EC00DB0913 /* Resources */,
				A2B4B19D2BD187EF00DB0913 /* Embed Watch Content */,
			);
			buildRules = (
			);
			dependencies = (
				A2B4B18D2BD187EC00DB0913 /* PBXTargetDependency */,
			);
			name = "Notes App";
			productName = "Notes App";
			productReference = A2B4B1842BD187EC00DB0913 /* Notes App.app */;
			productType = "com.apple.product-type.application.watchapp2-container";
		};
		A2B4B1892BD187EC00DB0913 /* Notes App Watch App */ = {
			isa = PBXNativeTarget;
			buildConfigurationList = A2B4B19A2BD187EF00DB0913 /* Build configuration list for PBXNativeTarget "Notes App Watch App" */;
			buildPhases = (
				A2B4B1862BD187EC00DB0913 /* Sources */,
				A2B4B1872BD187EC00DB0913 /* Frameworks */,
				A2B4B1882BD187EC00DB0913 /* Resources */,
			);
			buildRules = (
			);
			dependencies = (
			);
			name = "Notes App Watch App";
			productName = "Notes App Watch App";
			productReference = A2B4B18A2BD187EC00DB0913 /* Notes App Watch App.app */;
			productType = "com.apple.product-type.application";
		};
/* End PBXNativeTarget section */

/* Begin PBXProject section */
		A2B4B17E2BD187EC00DB0913 /* Project object */ = {
			isa = PBXProject;
			attributes = {
				BuildIndependentTargetsInParallel = 1;
				LastSwiftUpdateCheck = 1520;
				LastUpgradeCheck = 1520;
				TargetAttributes = {
					A2B4B1832BD187EC00DB0913 = {
						CreatedOnToolsVersion = 15.2;
					};
					A2B4B1892BD187EC00DB0913 = {
						CreatedOnToolsVersion = 15.2;
					};
				};
			};
			buildConfigurationList = A2B4B1812BD187EC00DB0913 /* Build configuration list for PBXProject "Notes App" */;
			compatibilityVersion = "Xcode 14.0";
			developmentRegion = en;
			hasScannedForEncodings = 0;
			knownRegions = (
				en,
				Base,
			);
			mainGroup = A2B4B17D2BD187EC00DB0913;
			productRefGroup = A2B4B1852BD187EC00DB0913 /* Products */;
			projectDirPath = "";
			projectRoot = "";
			targets = (
				A2B4B1832BD187EC00DB0913 /* Notes App */,
				A2B4B1892BD187EC00DB0913 /* Notes App Watch App */,
			);
		};
/* End PBXProject section */

/* Begin PBXResourcesBuildPhase section */
		A2B4B1822BD187EC00DB0913 /* Resources */ = {
			isa = PBXResourcesBuildPhase;
			buildActionMask = 2147483647;
			files = (
			);
			runOnlyForDeploymentPostprocessing = 0;
		};
		A2B4B1882BD187EC00DB0913 /* Resources */ = {
			isa = PBXResourcesBuildPhase;
			buildActionMask = 2147483647;
			files = (
				A2B4B1972BD187EF00DB0913 /* Preview Assets.xcassets in Resources */,
				A2B4B1942BD187EF00DB0913 /* Assets.xcassets in Resources */,
			);
			runOnlyForDeploymentPostprocessing = 0;
		};
/* End PBXResourcesBuildPhase section */

/* Begin PBXSourcesBuildPhase section */
		A2B4B1862BD187EC00DB0913 /* Sources */ = {
			isa = PBXSourcesBuildPhase;
			buildActionMask = 2147483647;
			files = (
				A2B4B1922BD187EC00DB0913 /* ContentView.swift in Sources */,
				A2B4B1AC2BD3C73C00DB0913 /* CreditView.swift in Sources */,
				A2B4B1A42BD2773D00DB0913 /* DetailView.swift in Sources */,
				A2B4B1902BD187EC00DB0913 /* Notes_AppApp.swift in Sources */,
				A2B4B1A62BD2993800DB0913 /* test.swift in Sources */,
				A2B4B1A22BD18CE200DB0913 /* Note.swift in Sources */,
				A2B4B1AE2BD3C78500DB0913 /* HeaderView.swift in Sources */,
			);
			runOnlyForDeploymentPostprocessing = 0;
		};
/* End PBXSourcesBuildPhase section */

/* Begin PBXTargetDependency section */
		A2B4B18D2BD187EC00DB0913 /* PBXTargetDependency */ = {
			isa = PBXTargetDependency;
			target = A2B4B1892BD187EC00DB0913 /* Notes App Watch App */;
			targetProxy = A2B4B18C2BD187EC00DB0913 /* PBXContainerItemProxy */;
		};
/* End PBXTargetDependency section */

/* Begin XCBuildConfiguration section */
		A2B4B1982BD187EF00DB0913 /* Debug */ = {
			isa = XCBuildConfiguration;
			buildSettings = {
				ALWAYS_SEARCH_USER_PATHS = NO;
				ASSETCATALOG_COMPILER_GENERATE_SWIFT_ASSET_SYMBOL_EXTENSIONS = YES;
				CLANG_ANALYZER_NONNULL = YES;
				CLANG_ANALYZER_NUMBER_OBJECT_CONVERSION = YES_AGGRESSIVE;
				CLANG_CXX_LANGUAGE_STANDARD = "gnu++20";
				CLANG_ENABLE_MODULES = YES;
				CLANG_ENABLE_OBJC_ARC = YES;
				CLANG_ENABLE_OBJC_WEAK = YES;
				CLANG_WARN_BLOCK_CAPTURE_AUTORELEASING = YES;
				CLANG_WARN_BOOL_CONVERSION = YES;
				CLANG_WARN_COMMA = YES;
				CLANG_WARN_CONSTANT_CONVERSION = YES;
				CLANG_WARN_DEPRECATED_OBJC_IMPLEMENTATIONS = YES;
				CLANG_WARN_DIRECT_OBJC_ISA_USAGE = YES_ERROR;
				CLANG_WARN_DOCUMENTATION_COMMENTS = YES;
				CLANG_WARN_EMPTY_BODY = YES;
				CLANG_WARN_ENUM_CONVERSION = YES;
				CLANG_WARN_INFINITE_RECURSION = YES;
				CLANG_WARN_INT_CONVERSION = YES;
				CLANG_WARN_NON_LITERAL_NULL_CONVERSION = YES;
				CLANG_WARN_OBJC_IMPLICIT_RETAIN_SELF = YES;
				CLANG_WARN_OBJC_LITERAL_CONVERSION = YES;
				CLANG_WARN_OBJC_ROOT_CLASS = YES_ERROR;
				CLANG_WARN_QUOTED_INCLUDE_IN_FRAMEWORK_HEADER = YES;
				CLANG_WARN_RANGE_LOOP_ANALYSIS = YES;
				CLANG_WARN_STRICT_PROTOTYPES = YES;
				CLANG_WARN_SUSPICIOUS_MOVE = YES;
				CLANG_WARN_UNGUARDED_AVAILABILITY = YES_AGGRESSIVE;
				CLANG_WARN_UNREACHABLE_CODE = YES;
				CLANG_WARN__DUPLICATE_METHOD_MATCH = YES;
				COPY_PHASE_STRIP = NO;
				DEBUG_INFORMATION_FORMAT = dwarf;
				ENABLE_STRICT_OBJC_MSGSEND = YES;
				ENABLE_TESTABILITY = YES;
				ENABLE_USER_SCRIPT_SANDBOXING = YES;
				GCC_C_LANGUAGE_STANDARD = gnu17;
				GCC_DYNAMIC_NO_PIC = NO;
				GCC_NO_COMMON_BLOCKS = YES;
				GCC_OPTIMIZATION_LEVEL = 0;
				GCC_PREPROCESSOR_DEFINITIONS = (
					"DEBUG=1",
					"$(inherited)",
				);
				GCC_WARN_64_TO_32_BIT_CONVERSION = YES;
				GCC_WARN_ABOUT_RETURN_TYPE = YES_ERROR;
				GCC_WARN_UNDECLARED_SELECTOR = YES;
				GCC_WARN_UNINITIALIZED_AUTOS = YES_AGGRESSIVE;
				GCC_WARN_UNUSED_FUNCTION = YES;
				GCC_WARN_UNUSED_VARIABLE = YES;
				LOCALIZATION_PREFERS_STRING_CATALOGS = YES;
				MTL_ENABLE_DEBUG_INFO = INCLUDE_SOURCE;
				MTL_FAST_MATH = YES;
				ONLY_ACTIVE_ARCH = YES;
				SWIFT_ACTIVE_COMPILATION_CONDITIONS = "DEBUG $(inherited)";
				SWIFT_OPTIMIZATION_LEVEL = "-Onone";
			};
			name = Debug;
		};
		A2B4B1992BD187EF00DB0913 /* Release */ = {
			isa = XCBuildConfiguration;
			buildSettings = {
				ALWAYS_SEARCH_USER_PATHS = NO;
				ASSETCATALOG_COMPILER_GENERATE_SWIFT_ASSET_SYMBOL_EXTENSIONS = YES;
				CLANG_ANALYZER_NONNULL = YES;
				CLANG_ANALYZER_NUMBER_OBJECT_CONVERSION = YES_AGGRESSIVE;
				CLANG_CXX_LANGUAGE_STANDARD = "gnu++20";
				CLANG_ENABLE_MODULES = YES;
				CLANG_ENABLE_OBJC_ARC = YES;
				CLANG_ENABLE_OBJC_WEAK = YES;
				CLANG_WARN_BLOCK_CAPTURE_AUTORELEASING = YES;
				CLANG_WARN_BOOL_CONVERSION = YES;
				CLANG_WARN_COMMA = YES;
				CLANG_WARN_CONSTANT_CONVERSION = YES;
				CLANG_WARN_DEPRECATED_OBJC_IMPLEMENTATIONS = YES;
				CLANG_WARN_DIRECT_OBJC_ISA_USAGE = YES_ERROR;
				CLANG_WARN_DOCUMENTATION_COMMENTS = YES;
				CLANG_WARN_EMPTY_BODY = YES;
				CLANG_WARN_ENUM_CONVERSION = YES;
				CLANG_WARN_INFINITE_RECURSION = YES;
				CLANG_WARN_INT_CONVERSION = YES;
				CLANG_WARN_NON_LITERAL_NULL_CONVERSION = YES;
				CLANG_WARN_OBJC_IMPLICIT_RETAIN_SELF = YES;
				CLANG_WARN_OBJC_LITERAL_CONVERSION = YES;
				CLANG_WARN_OBJC_ROOT_CLASS = YES_ERROR;
				CLANG_WARN_QUOTED_INCLUDE_IN_FRAMEWORK_HEADER = YES;
				CLANG_WARN_RANGE_LOOP_ANALYSIS = YES;
				CLANG_WARN_STRICT_PROTOTYPES = YES;
				CLANG_WARN_SUSPICIOUS_MOVE = YES;
				CLANG_WARN_UNGUARDED_AVAILABILITY = YES_AGGRESSIVE;
				CLANG_WARN_UNREACHABLE_CODE = YES;
				CLANG_WARN__DUPLICATE_METHOD_MATCH = YES;
				COPY_PHASE_STRIP = NO;
				DEBUG_INFORMATION_FORMAT = "dwarf-with-dsym";
				ENABLE_NS_ASSERTIONS = NO;
				ENABLE_STRICT_OBJC_MSGSEND = YES;
				ENABLE_USER_SCRIPT_SANDBOXING = YES;
				GCC_C_LANGUAGE_STANDARD = gnu17;
				GCC_NO_COMMON_BLOCKS = YES;
				GCC_WARN_64_TO_32_BIT_CONVERSION = YES;
				GCC_WARN_ABOUT_RETURN_TYPE = YES_ERROR;
				GCC_WARN_UNDECLARED_SELECTOR = YES;
				GCC_WARN_UNINITIALIZED_AUTOS = YES_AGGRESSIVE;
				GCC_WARN_UNUSED_FUNCTION = YES;
				GCC_WARN_UNUSED_VARIABLE = YES;
				LOCALIZATION_PREFERS_STRING_CATALOGS = YES;
				MTL_ENABLE_DEBUG_INFO = NO;
				MTL_FAST_MATH = YES;
				SWIFT_COMPILATION_MODE = wholemodule;
			};
			name = Release;
		};
		A2B4B19B2BD187EF00DB0913 /* Debug */ = {
			isa = XCBuildConfiguration;
			buildSettings = {
				ASSETCATALOG_COMPILER_APPICON_NAME = AppIcon;
				ASSETCATALOG_COMPILER_GLOBAL_ACCENT_COLOR_NAME = AccentColor;
				CODE_SIGN_STYLE = Automatic;
				CURRENT_PROJECT_VERSION = 1;
				DEVELOPMENT_ASSET_PATHS = "\"Notes App Watch App/Preview Content\"";
				DEVELOPMENT_TEAM = VKHJ4DVPPS;
				ENABLE_PREVIEWS = YES;
				GENERATE_INFOPLIST_FILE = YES;
				INFOPLIST_FILE = "Notes-App-Watch-App-Info.plist";
				INFOPLIST_KEY_CFBundleDisplayName = "Notes App";
				INFOPLIST_KEY_NSMicrophoneUsageDescription = "Please use microphone";
				INFOPLIST_KEY_NSSpeechRecognitionUsageDescription = "Please allow access";
				INFOPLIST_KEY_UISupportedInterfaceOrientations = "UIInterfaceOrientationPortrait UIInterfaceOrientationPortraitUpsideDown";
				INFOPLIST_KEY_WKWatchOnly = YES;
				LD_RUNPATH_SEARCH_PATHS = (
					"$(inherited)",
					"@executable_path/Frameworks",
				);
				MARKETING_VERSION = 1.0;
				PRODUCT_BUNDLE_IDENTIFIER = "chiran.siriwardena.Notes-App.watchkitapp";
				PRODUCT_NAME = "$(TARGET_NAME)";
				SDKROOT = watchos;
				SKIP_INSTALL = YES;
				SWIFT_EMIT_LOC_STRINGS = YES;
				SWIFT_VERSION = 5.0;
				TARGETED_DEVICE_FAMILY = 4;
				WATCHOS_DEPLOYMENT_TARGET = 10.2;
			};
			name = Debug;
		};
		A2B4B19C2BD187EF00DB0913 /* Release */ = {
			isa = XCBuildConfiguration;
			buildSettings = {
				ASSETCATALOG_COMPILER_APPICON_NAME = AppIcon;
				ASSETCATALOG_COMPILER_GLOBAL_ACCENT_COLOR_NAME = AccentColor;
				CODE_SIGN_STYLE = Automatic;
				CURRENT_PROJECT_VERSION = 1;
				DEVELOPMENT_ASSET_PATHS = "\"Notes App Watch App/Preview Content\"";
				DEVELOPMENT_TEAM = VKHJ4DVPPS;
				ENABLE_PREVIEWS = YES;
				GENERATE_INFOPLIST_FILE = YES;
				INFOPLIST_FILE = "Notes-App-Watch-App-Info.plist";
				INFOPLIST_KEY_CFBundleDisplayName = "Notes App";
				INFOPLIST_KEY_NSMicrophoneUsageDescription = "Please use microphone";
				INFOPLIST_KEY_NSSpeechRecognitionUsageDescription = "Please allow access";
				INFOPLIST_KEY_UISupportedInterfaceOrientations = "UIInterfaceOrientationPortrait UIInterfaceOrientationPortraitUpsideDown";
				INFOPLIST_KEY_WKWatchOnly = YES;
				LD_RUNPATH_SEARCH_PATHS = (
					"$(inherited)",
					"@executable_path/Frameworks",
				);
				MARKETING_VERSION = 1.0;
				PRODUCT_BUNDLE_IDENTIFIER = "chiran.siriwardena.Notes-App.watchkitapp";
				PRODUCT_NAME = "$(TARGET_NAME)";
				SDKROOT = watchos;
				SKIP_INSTALL = YES;
				SWIFT_EMIT_LOC_STRINGS = YES;
				SWIFT_VERSION = 5.0;
				TARGETED_DEVICE_FAMILY = 4;
				VALIDATE_PRODUCT = YES;
				WATCHOS_DEPLOYMENT_TARGET = 10.2;
			};
			name = Release;
		};
		A2B4B19F2BD187EF00DB0913 /* Debug */ = {
			isa = XCBuildConfiguration;
			buildSettings = {
				ALWAYS_EMBED_SWIFT_STANDARD_LIBRARIES = YES;
				CODE_SIGN_STYLE = Automatic;
				CURRENT_PROJECT_VERSION = 1;
				DEVELOPMENT_TEAM = VKHJ4DVPPS;
				INFOPLIST_KEY_CFBundleDisplayName = "Notes App";
				MARKETING_VERSION = 1.0;
				PRODUCT_BUNDLE_IDENTIFIER = "chiran.siriwardena.Notes-App";
				PRODUCT_NAME = "$(TARGET_NAME)";
				SDKROOT = iphoneos;
				SWIFT_VERSION = 5.0;
			};
			name = Debug;
		};
		A2B4B1A02BD187EF00DB0913 /* Release */ = {
			isa = XCBuildConfiguration;
			buildSettings = {
				ALWAYS_EMBED_SWIFT_STANDARD_LIBRARIES = YES;
				CODE_SIGN_STYLE = Automatic;
				CURRENT_PROJECT_VERSION = 1;
				DEVELOPMENT_TEAM = VKHJ4DVPPS;
				INFOPLIST_KEY_CFBundleDisplayName = "Notes App";
				MARKETING_VERSION = 1.0;
				PRODUCT_BUNDLE_IDENTIFIER = "chiran.siriwardena.Notes-App";
				PRODUCT_NAME = "$(TARGET_NAME)";
				SDKROOT = iphoneos;
				SWIFT_VERSION = 5.0;
				VALIDATE_PRODUCT = YES;
			};
			name = Release;
		};
/* End XCBuildConfiguration section */

/* Begin XCConfigurationList section */
		A2B4B1812BD187EC00DB0913 /* Build configuration list for PBXProject "Notes App" */ = {
			isa = XCConfigurationList;
			buildConfigurations = (
				A2B4B1982BD187EF00DB0913 /* Debug */,
				A2B4B1992BD187EF00DB0913 /* Release */,
			);
			defaultConfigurationIsVisible = 0;
			defaultConfigurationName = Release;
		};
		A2B4B19A2BD187EF00DB0913 /* Build configuration list for PBXNativeTarget "Notes App Watch App" */ = {
			isa = XCConfigurationList;
			buildConfigurations = (
				A2B4B19B2BD187EF00DB0913 /* Debug */,
				A2B4B19C2BD187EF00DB0913 /* Release */,
			);
			defaultConfigurationIsVisible = 0;
			defaultConfigurationName = Release;
		};
		A2B4B19E2BD187EF00DB0913 /* Build configuration list for PBXNativeTarget "Notes App" */ = {
			isa = XCConfigurationList;
			buildConfigurations = (
				A2B4B19F2BD187EF00DB0913 /* Debug */,
				A2B4B1A02BD187EF00DB0913 /* Release */,
			);
			defaultConfigurationIsVisible = 0;
			defaultConfigurationName = Release;
		};
/* End XCConfigurationList section */
	};
	rootObject = A2B4B17E2BD187EC00DB0913 /* Project object */;
}
